// !$*UTF8*$!
{
	archiveVersion = 1;
	classes = {
	};
	objectVersion = 46;
	objects = {

/* Begin PBXBuildFile section */
		42ACCE941C1AA57E000F4F82 /* AppDelegate.swift in Sources */ = {isa = PBXBuildFile; fileRef = 42ACCE931C1AA57E000F4F82 /* AppDelegate.swift */; };
		42ACCE961C1AA57E000F4F82 /* ViewController.swift in Sources */ = {isa = PBXBuildFile; fileRef = 42ACCE951C1AA57E000F4F82 /* ViewController.swift */; };
		42ACCE981C1AA57E000F4F82 /* Assets.xcassets in Resources */ = {isa = PBXBuildFile; fileRef = 42ACCE971C1AA57E000F4F82 /* Assets.xcassets */; };
		42ACCE9B1C1AA57E000F4F82 /* Main.storyboard in Resources */ = {isa = PBXBuildFile; fileRef = 42ACCE991C1AA57E000F4F82 /* Main.storyboard */; };
/* End PBXBuildFile section */

/* Begin PBXFileReference section */
		42ACCE901C1AA57E000F4F82 /* Attributed Strings.app */ = {isa = PBXFileReference; explicitFileType = wrapper.application; includeInIndex = 0; path = "Attributed Strings.app"; sourceTree = BUILT_PRODUCTS_DIR; };
		42ACCE931C1AA57E000F4F82 /* AppDelegate.swift */ = {isa = PBXFileReference; lastKnownFileType = sourcecode.swift; path = AppDelegate.swift; sourceTree = "<group>"; };
		42ACCE951C1AA57E000F4F82 /* ViewController.swift */ = {isa = PBXFileReference; lastKnownFileType = sourcecode.swift; path = ViewController.swift; sourceTree = "<group>"; };
		42ACCE971C1AA57E000F4F82 /* Assets.xcassets */ = {isa = PBXFileReference; lastKnownFileType = folder.assetcatalog; path = Assets.xcassets; sourceTree = "<group>"; };
		42ACCE9A1C1AA57E000F4F82 /* Base */ = {isa = PBXFileReference; lastKnownFileType = file.storyboard; name = Base; path = Base.lproj/Main.storyboard; sourceTree = "<group>"; };
		42ACCE9C1C1AA57E000F4F82 /* Info.plist */ = {isa = PBXFileReference; lastKnownFileType = text.plist.xml; path = Info.plist; sourceTree = "<group>"; };
/* End PBXFileReference section */

/* Begin PBXFrameworksBuildPhase section */
		42ACCE8D1C1AA57E000F4F82 /* Frameworks */ = {
			isa = PBXFrameworksBuildPhase;
			buildActionMask = 2147483647;
			files = (
			);
			runOnlyForDeploymentPostprocessing = 0;
		};
/* End PBXFrameworksBuildPhase section */

/* Begin PBXGroup section */
		42ACCE871C1AA57E000F4F82 = {
			isa = PBXGroup;
			children = (
				42ACCE921C1AA57E000F4F82 /* Attributed Strings */,
				42ACCE911C1AA57E000F4F82 /* Products */,
			);
			sourceTree = "<group>";
		};
		42ACCE911C1AA57E000F4F82 /* Products */ = {
			isa = PBXGroup;
			children = (
				42ACCE901C1AA57E000F4F82 /* Attributed Strings.app */,
			);
			name = Products;
			sourceTree = "<group>";
		};
		42ACCE921C1AA57E000F4F82 /* Attributed Strings */ = {
			isa = PBXGroup;
			children = (
				42ACCE931C1AA57E000F4F82 /* AppDelegate.swift */,
				42ACCE951C1AA57E000F4F82 /* ViewController.swift */,
				42ACCE971C1AA57E000F4F82 /* Assets.xcassets */,
				42ACCE991C1AA57E000F4F82 /* Main.storyboard */,
				42ACCE9C1C1AA57E000F4F82 /* Info.plist */,
			);
			path = "Attributed Strings";
			sourceTree = "<group>";
		};
/* End PBXGroup section */

/* Begin PBXNativeTarget section */
		42ACCE8F1C1AA57E000F4F82 /* Attributed Strings */ = {
			isa = PBXNativeTarget;
			buildConfigurationList = 42ACCE9F1C1AA57E000F4F82 /* Build configuration list for PBXNativeTarget "Attributed Strings" */;
			buildPhases = (
				42ACCE8C1C1AA57E000F4F82 /* Sources */,
				42ACCE8D1C1AA57E000F4F82 /* Frameworks */,
				42ACCE8E1C1AA57E000F4F82 /* Resources */,
			);
			buildRules = (
			);
			dependencies = (
			);
			name = "Attributed Strings";
			productName = "Attributed Strings";
			productReference = 42ACCE901C1AA57E000F4F82 /* Attributed Strings.app */;
			productType = "com.apple.product-type.application";
		};
/* End PBXNativeTarget section */

/* Begin PBXProject section */
		42ACCE881C1AA57E000F4F82 /* Project object */ = {
			isa = PBXProject;
			attributes = {
				LastSwiftUpdateCheck = 0710;
				LastUpgradeCheck = 0710;
				ORGANIZATIONNAME = "Ken Graham";
				TargetAttributes = {
					42ACCE8F1C1AA57E000F4F82 = {
						CreatedOnToolsVersion = 7.1.1;
					};
				};
			};
			buildConfigurationList = 42ACCE8B1C1AA57E000F4F82 /* Build configuration list for PBXProject "Attributed Strings" */;
			compatibilityVersion = "Xcode 3.2";
			developmentRegion = English;
			hasScannedForEncodings = 0;
			knownRegions = (
				en,
				Base,
			);
			mainGroup = 42ACCE871C1AA57E000F4F82;
			productRefGroup = 42ACCE911C1AA57E000F4F82 /* Products */;
			projectDirPath = "";
			projectRoot = "";
			targets = (
				42ACCE8F1C1AA57E000F4F82 /* Attributed Strings */,
			);
		};
/* End PBXProject section */

/* Begin PBXResourcesBuildPhase section */
		42ACCE8E1C1AA57E000F4F82 /* Resources */ = {
			isa = PBXResourcesBuildPhase;
			buildActionMask = 2147483647;
			files = (
				42ACCE981C1AA57E000F4F82 /* Assets.xcassets in Resources */,
				42ACCE9B1C1AA57E000F4F82 /* Main.storyboard in Resources */,
			);
			runOnlyForDeploymentPostprocessing = 0;
		};
/* End PBXResourcesBuildPhase section */

/* Begin PBXSourcesBuildPhase section */
		42ACCE8C1C1AA57E000F4F82 /* Sources */ = {
			isa = PBXSourcesBuildPhase;
			buildActionMask = 2147483647;
			files = (
				42ACCE961C1AA57E000F4F82 /* ViewController.swift in Sources */,
				42ACCE941C1AA57E000F4F82 /* AppDelegate.swift in Sources */,
			);
			runOnlyForDeploymentPostprocessing = 0;
		};
/* End PBXSourcesBuildPhase section */

/* Begin PBXVariantGroup section */
		42ACCE991C1AA57E000F4F82 /* Main.storyboard */ = {
			isa = PBXVariantGroup;
			children = (
				42ACCE9A1C1AA57E000F4F82 /* Base */,
			);
			name = Main.storyboard;
			sourceTree = "<group>";
		};
/* End PBXVariantGroup section */

/* Begin XCBuildConfiguration section */
		42ACCE9D1C1AA57E000F4F82 /* Debug */ = {
			isa = XCBuildConfiguration;
			buildSettings = {
				ALWAYS_SEARCH_USER_PATHS = NO;
				CLANG_CXX_LANGUAGE_STANDARD = "gnu++0x";
				CLANG_CXX_LIBRARY = "libc++";
				CLANG_ENABLE_MODULES = YES;
				CLANG_ENABLE_OBJC_ARC = YES;
				CLANG_WARN_BOOL_CONVERSION = YES;
				CLANG_WARN_CONSTANT_CONVERSION = YES;
				CLANG_WARN_DIRECT_OBJC_ISA_USAGE = YES_ERROR;
				CLANG_WARN_EMPTY_BODY = YES;
				CLANG_WARN_ENUM_CONVERSION = YES;
				CLANG_WARN_INT_CONVERSION = YES;
				CLANG_WARN_OBJC_ROOT_CLASS = YES_ERROR;
				CLANG_WARN_UNREACHABLE_CODE = YES;
				CLANG_WARN__DUPLICATE_METHOD_MATCH = YES;
				CODE_SIGN_IDENTITY = "-";
				COPY_PHASE_STRIP = NO;
				DEBUG_INFORMATION_FORMAT = dwarf;
				ENABLE_STRICT_OBJC_MSGSEND = YES;
				ENABLE_TESTABILITY = YES;
				GCC_C_LANGUAGE_STANDARD = gnu99;
				GCC_DYNAMIC_NO_PIC = NO;
				GCC_NO_COMMON_BLOCKS = YES;
				GCC_OPTIMIZATION_LEVEL = 0;
				GCC_PREPROCESSOR_DEFINITIONS = (
					"DEBUG=1",
					"$(inherited)",
				);
				GCC_WARN_64_TO_32_BIT_CONVERSION = YES;
				GCC_WARN_ABOUT_RETURN_TYPE = YES_ERROR;
				GCC_WARN_UNDECLARED_SELECTOR = YES;
				GCC_WARN_UNINITIALIZED_AUTOS = YES_AGGRESSIVE;
				GCC_WARN_UNUSED_FUNCTION = YES;
				GCC_WARN_UNUSED_VARIABLE = YES;
				MACOSX_DEPLOYMENT_TARGET = 10.11;
				MTL_ENABLE_DEBUG_INFO = YES;
				ONLY_ACTIVE_ARCH = YES;
				SDKROOT = macosx;
				SWIFT_OPTIMIZATION_LEVEL = "-Onone";
			};
			name = Debug;
		};
		42ACCE9E1C1AA57E000F4F82 /* Release */ = {
			isa = XCBuildConfiguration;
			buildSettings = {
				ALWAYS_SEARCH_USER_PATHS = NO;
				CLANG_CXX_LANGUAGE_STANDARD = "gnu++0x";
				CLANG_CXX_LIBRARY = "libc++";
				CLANG_ENABLE_MODULES = YES;
				CLANG_ENABLE_OBJC_ARC = YES;
				CLANG_WARN_BOOL_CONVERSION = YES;
				CLANG_WARN_CONSTANT_CONVERSION = YES;
				CLANG_WARN_DIRECT_OBJC_ISA_USAGE = YES_ERROR;
				CLANG_WARN_EMPTY_BODY = YES;
				CLANG_WARN_ENUM_CONVERSION = YES;
				CLANG_WARN_INT_CONVERSION = YES;
				CLANG_WARN_OBJC_ROOT_CLASS = YES_ERROR;
				CLANG_WARN_UNREACHABLE_CODE = YES;
				CLANG_WARN__DUPLICATE_METHOD_MATCH = YES;
				CODE_SIGN_IDENTITY = "-";
				COPY_PHASE_STRIP = NO;
				DEBUG_INFORMATION_FORMAT = "dwarf-with-dsym";
				ENABLE_NS_ASSERTIONS = NO;
				ENABLE_STRICT_OBJC_MSGSEND = YES;
				GCC_C_LANGUAGE_STANDARD = gnu99;
				GCC_NO_COMMON_BLOCKS = YES;
				GCC_WARN_64_TO_32_BIT_CONVERSION = YES;
				GCC_WARN_ABOUT_RETURN_TYPE = YES_ERROR;
				GCC_WARN_UNDECLARED_SELECTOR = YES;
				GCC_WARN_UNINITIALIZED_AUTOS = YES_AGGRESSIVE;
				GCC_WARN_UNUSED_FUNCTION = YES;
				GCC_WARN_UNUSED_VARIABLE = YES;
				MACOSX_DEPLOYMENT_TARGET = 10.11;
				MTL_ENABLE_DEBUG_INFO = NO;
				SDKROOT = macosx;
			};
			name = Release;
		};
		42ACCEA01C1AA57E000F4F82 /* Debug */ = {
			isa = XCBuildConfiguration;
			buildSettings = {
				ASSETCATALOG_COMPILER_APPICON_NAME = AppIcon;
				COMBINE_HIDPI_IMAGES = YES;
				INFOPLIST_FILE = "Attributed Strings/Info.plist";
				LD_RUNPATH_SEARCH_PATHS = "$(inherited) @executable_path/../Frameworks";
				PRODUCT_BUNDLE_IDENTIFIER = "com.klgraham.Attributed-Strings";
				PRODUCT_NAME = "$(TARGET_NAME)";
			};
			name = Debug;
		};
		42ACCEA11C1AA57E000F4F82 /* Release */ = {
			isa = XCBuildConfiguration;
			buildSettings = {
				ASSETCATALOG_COMPILER_APPICON_NAME = AppIcon;
				COMBINE_HIDPI_IMAGES = YES;
				INFOPLIST_FILE = "Attributed Strings/Info.plist";
				LD_RUNPATH_SEARCH_PATHS = "$(inherited) @executable_path/../Frameworks";
				PRODUCT_BUNDLE_IDENTIFIER = "com.klgraham.Attributed-Strings";
				PRODUCT_NAME = "$(TARGET_NAME)";
			};
			name = Release;
		};
/* End XCBuildConfiguration section */

/* Begin XCConfigurationList section */
		42ACCE8B1C1AA57E000F4F82 /* Build configuration list for PBXProject "Attributed Strings" */ = {
			isa = XCConfigurationList;
			buildConfigurations = (
				42ACCE9D1C1AA57E000F4F82 /* Debug */,
				42ACCE9E1C1AA57E000F4F82 /* Release */,
			);
			defaultConfigurationIsVisible = 0;
			defaultConfigurationName = Release;
		};
		42ACCE9F1C1AA57E000F4F82 /* Build configuration list for PBXNativeTarget "Attributed Strings" */ = {
			isa = XCConfigurationList;
			buildConfigurations = (
				42ACCEA01C1AA57E000F4F82 /* Debug */,
				42ACCEA11C1AA57E000F4F82 /* Release */,
			);
			defaultConfigurationIsVisible = 0;
		};
/* End XCConfigurationList section */
	};
	rootObject = 42ACCE881C1AA57E000F4F82 /* Project object */;
}
